
Microsoft Visual Studio Solution File, Format Version 12.00
# Visual Studio 15
VisualStudioVersion = 15.0.27130.2036
MinimumVisualStudioVersion = 10.0.40219.1
Project("{FAE04EC0-301F-11D3-BF4B-00C04F79EFBC}") = "CrackerProject", "CrackerProject\CrackerProject.csproj", "{4511D3E6-615F-40B8-AB5F-D95B7EF13B49}"
EndProject
Global
	GlobalSection(SolutionConfigurationPlatforms) = preSolution
		Debug|Any CPU = Debug|Any CPU
		Release|Any CPU = Release|Any CPU
	EndGlobalSection
	GlobalSection(ProjectConfigurationPlatforms) = postSolution
		{4511D3E6-615F-40B8-AB5F-D95B7EF13B49}.Debug|Any CPU.ActiveCfg = Debug|Any CPU
		{4511D3E6-615F-40B8-AB5F-D95B7EF13B49}.Debug|Any CPU.Build.0 = Debug|Any CPU
		{4511D3E6-615F-40B8-AB5F-D95B7EF13B49}.Release|Any CPU.ActiveCfg = Release|Any CPU
		{4511D3E6-615F-40B8-AB5F-D95B7EF13B49}.Release|Any CPU.Build.0 = Release|Any CPU
	EndGlobalSection
	GlobalSection(SolutionProperties) = preSolution
		HideSolutionNode = FALSE
	EndGlobalSection
	GlobalSection(ExtensibilityGlobals) = postSolution
		SolutionGuid = {E1350045-8A30-4BCA-B66E-9C86502A62F8}
	EndGlobalSection
EndGlobal
